{
  "requires": true,
  "lockfileVersion": 1,
  "dependencies": {
    "@babel/runtime": {
      "version": "7.13.4",
      "resolved": "https://registry.npm.taobao.org/@babel/runtime/download/@babel/runtime-7.13.4.tgz",
      "integrity": "sha1-ovW1ME1vmKlAU+ZzcyFQE0cyVhc=",
      "requires": {
        "regenerator-runtime": "^0.13.4"
      }
    },
    "@popperjs/core": {
      "version": "2.8.3",
      "resolved": "https://registry.npm.taobao.org/@popperjs/core/download/@popperjs/core-2.8.3.tgz?cache=0&sync_timestamp=1613995788664&other_urls=https%3A%2F%2Fregistry.npm.taobao.org%2F%40popperjs%2Fcore%2Fdownload%2F%40popperjs%2Fcore-2.8.3.tgz",
      "integrity": "sha1-i06uPZ3UcMAiy5I4Eo24sZBuf8o="
    },
    "@types/component-emitter": {
      "version": "1.2.10",
      "resolved": "https://registry.npm.taobao.org/@types/component-emitter/download/@types/component-emitter-1.2.10.tgz",
      "integrity": "sha1-71sVibnxZURkLkc9tepWORB+8+o="
    },
    "@vant/icons": {
      "version": "1.5.2",
      "resolved": "https://registry.npm.taobao.org/@vant/icons/download/@vant/icons-1.5.2.tgz",
      "integrity": "sha1-Pz6jU6DqzTjBE3V70xg2SJ+ssQs="
    },
    "@vant/popperjs": {
      "version": "1.0.4",
      "resolved": "https://registry.npm.taobao.org/@vant/popperjs/download/@vant/popperjs-1.0.4.tgz",
      "integrity": "sha1-ScIICaOCjnsDbiPVD7VhIemXYY8=",
      "requires": {
        "@popperjs/core": "^2.5.4"
      }
    },
    "@vue/babel-helper-vue-jsx-merge-props": {
      "version": "1.2.1",
      "resolved": "https://registry.npm.taobao.org/@vue/babel-helper-vue-jsx-merge-props/download/@vue/babel-helper-vue-jsx-merge-props-1.2.1.tgz",
      "integrity": "sha1-MWJKelBfsU2h1YAjclpMXycOaoE="
    },
    "backo2": {
      "version": "1.0.2",
      "resolved": "https://registry.npm.taobao.org/backo2/download/backo2-1.0.2.tgz",
      "integrity": "sha1-MasayLEpNjRj41s+u2n038+6eUc="
    },
    "base64-arraybuffer": {
      "version": "0.1.4",
      "resolved": "https://registry.npm.taobao.org/base64-arraybuffer/download/base64-arraybuffer-0.1.4.tgz",
      "integrity": "sha1-mBjHngWbE1X5fgQooBfIOOkLqBI="
    },
    "component-emitter": {
      "version": "1.3.0",
      "resolved": "https://registry.npm.taobao.org/component-emitter/download/component-emitter-1.3.0.tgz",
      "integrity": "sha1-FuQHD7qK4ptnnyIVhT7hgasuq8A="
    },
    "debug": {
      "version": "4.3.1",
      "resolved": "https://registry.npm.taobao.org/debug/download/debug-4.3.1.tgz?cache=0&sync_timestamp=1607566512593&other_urls=https%3A%2F%2Fregistry.npm.taobao.org%2Fdebug%2Fdownload%2Fdebug-4.3.1.tgz",
      "integrity": "sha1-8NIpxQXgxtjEmsVT0bE9wYP2su4=",
      "requires": {
        "ms": "2.1.2"
      }
    },
    "engine.io-client": {
      "version": "4.1.2",
      "resolved": "https://registry.npm.taobao.org/engine.io-client/download/engine.io-client-4.1.2.tgz?cache=0&sync_timestamp=1614301388829&other_urls=https%3A%2F%2Fregistry.npm.taobao.org%2Fengine.io-client%2Fdownload%2Fengine.io-client-4.1.2.tgz",
      "integrity": "sha1-gjtPAFNgMhxBRF/CPOjuAo7y42s=",
      "requires": {
        "base64-arraybuffer": "0.1.4",
        "component-emitter": "~1.3.0",
        "debug": "~4.3.1",
        "engine.io-parser": "~4.0.1",
        "has-cors": "1.1.0",
        "parseqs": "0.0.6",
        "parseuri": "0.0.6",
        "ws": "~7.4.2",
        "xmlhttprequest-ssl": "~1.5.4",
        "yeast": "0.1.2"
      }
    },
    "engine.io-parser": {
      "version": "4.0.2",
      "resolved": "https://registry.npm.taobao.org/engine.io-parser/download/engine.io-parser-4.0.2.tgz?cache=0&sync_timestamp=1607330710445&other_urls=https%3A%2F%2Fregistry.npm.taobao.org%2Fengine.io-parser%2Fdownload%2Fengine.io-parser-4.0.2.tgz",
      "integrity": "sha1-5B0LP7Zve/SjZx0gOKFUAk7bUB4=",
      "requires": {
        "base64-arraybuffer": "0.1.4"
      }
    },
    "has-cors": {
      "version": "1.1.0",
      "resolved": "https://registry.npm.taobao.org/has-cors/download/has-cors-1.1.0.tgz",
      "integrity": "sha1-XkdHk/fqmEPRu5nCPu9J/xJv/zk="
    },
    "ms": {
      "version": "2.1.2",
      "resolved": "https://registry.npm.taobao.org/ms/download/ms-2.1.2.tgz?cache=0&sync_timestamp=1607433912031&other_urls=https%3A%2F%2Fregistry.npm.taobao.org%2Fms%2Fdownload%2Fms-2.1.2.tgz",
      "integrity": "sha1-0J0fNXtEP0kzgqjrPM0YOHKuYAk="
    },
    "parseqs": {
      "version": "0.0.6",
      "resolved": "https://registry.npm.taobao.org/parseqs/download/parseqs-0.0.6.tgz",
      "integrity": "sha1-jku1oZ0c3IRKCKyXTTTic6+mcNU="
    },
    "parseuri": {
      "version": "0.0.6",
      "resolved": "https://registry.npm.taobao.org/parseuri/download/parseuri-0.0.6.tgz",
      "integrity": "sha1-4Ulugp46wv9H85pN0ESzKCPEolo="
    },
    "regenerator-runtime": {
      "version": "0.13.7",
      "resolved": "https://registry.npm.taobao.org/regenerator-runtime/download/regenerator-runtime-0.13.7.tgz?cache=0&sync_timestamp=1595456224955&other_urls=https%3A%2F%2Fregistry.npm.taobao.org%2Fregenerator-runtime%2Fdownload%2Fregenerator-runtime-0.13.7.tgz",
      "integrity": "sha1-ysLazIoepnX+qrrriugziYrkb1U="
    },
    "socket.io-client": {
      "version": "3.1.2",
      "resolved": "https://registry.npm.taobao.org/socket.io-client/download/socket.io-client-3.1.2.tgz",
      "integrity": "sha1-d76MGAzvKRIZcIVuj0jlRjYxAgo=",
      "requires": {
        "@types/component-emitter": "^1.2.10",
        "backo2": "~1.0.2",
        "component-emitter": "~1.3.0",
        "debug": "~4.3.1",
        "engine.io-client": "~4.1.0",
        "parseuri": "0.0.6",
        "socket.io-parser": "~4.0.4"
      }
    },
    "socket.io-parser": {
      "version": "4.0.4",
      "resolved": "https://registry.npm.taobao.org/socket.io-parser/download/socket.io-parser-4.0.4.tgz?cache=0&sync_timestamp=1610669705096&other_urls=https%3A%2F%2Fregistry.npm.taobao.org%2Fsocket.io-parser%2Fdownload%2Fsocket.io-parser-4.0.4.tgz",
      "integrity": "sha1-nqIbDWFQjRgZbvBKLGuatjD0wrA=",
      "requires": {
        "@types/component-emitter": "^1.2.10",
        "component-emitter": "~1.3.0",
        "debug": "~4.3.1"
      }
    },
    "vant": {
      "version": "2.12.6",
      "resolved": "https://registry.npm.taobao.org/vant/download/vant-2.12.6.tgz?cache=0&other_urls=https%3A%2F%2Fregistry.npm.taobao.org%2Fvant%2Fdownload%2Fvant-2.12.6.tgz",
      "integrity": "sha1-bt+w1nMjblQ00uDCCOxmqBr8t/I=",
      "requires": {
        "@babel/runtime": "7.x",
        "@vant/icons": "1.5.2",
        "@vant/popperjs": "^1.0.0",
        "@vue/babel-helper-vue-jsx-merge-props": "^1.0.0",
        "vue-lazyload": "1.2.3"
      }
    },
    "vue-lazyload": {
      "version": "1.2.3",
      "resolved": "https://registry.npm.taobao.org/vue-lazyload/download/vue-lazyload-1.2.3.tgz",
      "integrity": "sha1-kB+ewVx+bKeHgaK65KNDaGve2yw="
    },
    "ws": {
      "version": "7.4.3",
      "resolved": "https://registry.npm.taobao.org/ws/download/ws-7.4.3.tgz",
      "integrity": "sha1-H5ZD3jSlQ7jtsSS9y8RXrlWm5c0="
    },
    "xmlhttprequest-ssl": {
      "version": "1.5.5",
      "resolved": "https://registry.npm.taobao.org/xmlhttprequest-ssl/download/xmlhttprequest-ssl-1.5.5.tgz",
      "integrity": "sha1-wodrBhaKrcQOV9l+gRkayPQ5iz4="
    },
    "yeast": {
      "version": "0.1.2",
      "resolved": "https://registry.npm.taobao.org/yeast/download/yeast-0.1.2.tgz",
      "integrity": "sha1-AI4G2AlDIMNy28L47XagymyKxBk="
    }
  }
}
